// !$*UTF8*$!
{
	archiveVersion = 1;
	classes = {
	};
	objectVersion = 46;
	objects = {

/* Begin PBXBuildFile section */
		467EB9401DBE7D4B00614603 /* main.cpp in Sources */ = {isa = PBXBuildFile; fileRef = 467EB93F1DBE7D4B00614603 /* main.cpp */; };
		467EB9901DBE939800614603 /* SimpleAdder.cc in Sources */ = {isa = PBXBuildFile; fileRef = 467EB98F1DBE939800614603 /* SimpleAdder.cc */; };
		467EB9B11DBEBD3500614603 /* InteractiveCalculator.cc in Sources */ = {isa = PBXBuildFile; fileRef = 467EB99C1DBE93CC00614603 /* InteractiveCalculator.cc */; };
/* End PBXBuildFile section */

/* Begin PBXCopyFilesBuildPhase section */
		467EB93A1DBE7D4B00614603 /* CopyFiles */ = {
			isa = PBXCopyFilesBuildPhase;
			buildActionMask = 2147483647;
			dstPath = /usr/share/man/man1/;
			dstSubfolderSpec = 0;
			files = (
			);
			runOnlyForDeploymentPostprocessing = 1;
		};
		467EB9821DBE930E00614603 /* CopyFiles */ = {
			isa = PBXCopyFilesBuildPhase;
			buildActionMask = 2147483647;
			dstPath = /usr/share/man/man1/;
			dstSubfolderSpec = 0;
			files = (
			);
			runOnlyForDeploymentPostprocessing = 1;
		};
		467EB9931DBE93C000614603 /* CopyFiles */ = {
			isa = PBXCopyFilesBuildPhase;
			buildActionMask = 2147483647;
			dstPath = /usr/share/man/man1/;
			dstSubfolderSpec = 0;
			files = (
			);
			runOnlyForDeploymentPostprocessing = 1;
		};
/* End PBXCopyFilesBuildPhase section */

/* Begin PBXFileReference section */
		467EB93C1DBE7D4B00614603 /* PartIB Computing Practicals */ = {isa = PBXFileReference; explicitFileType = "compiled.mach-o.executable"; includeInIndex = 0; path = "PartIB Computing Practicals"; sourceTree = BUILT_PRODUCTS_DIR; };
		467EB93F1DBE7D4B00614603 /* main.cpp */ = {isa = PBXFileReference; lastKnownFileType = sourcecode.cpp.cpp; path = main.cpp; sourceTree = "<group>"; };
		467EB9721DBE91C800614603 /* HelloFor.cc */ = {isa = PBXFileReference; fileEncoding = 4; lastKnownFileType = sourcecode.cpp.cpp; name = HelloFor.cc; path = Week1/HelloFor.cc; sourceTree = "<group>"; };
		467EB9841DBE930E00614603 /* Week1 */ = {isa = PBXFileReference; explicitFileType = "compiled.mach-o.executable"; includeInIndex = 0; path = Week1; sourceTree = BUILT_PRODUCTS_DIR; };
		467EB98D1DBE934400614603 /* Multiples.cc */ = {isa = PBXFileReference; lastKnownFileType = sourcecode.cpp.cpp; name = Multiples.cc; path = Week1/Multiples.cc; sourceTree = "<group>"; };
		467EB98F1DBE939800614603 /* SimpleAdder.cc */ = {isa = PBXFileReference; fileEncoding = 4; lastKnownFileType = sourcecode.cpp.cpp; name = SimpleAdder.cc; path = Week1/SimpleAdder.cc; sourceTree = "<group>"; };
		467EB9951DBE93C000614603 /* Week2 */ = {isa = PBXFileReference; explicitFileType = "compiled.mach-o.executable"; includeInIndex = 0; path = Week2; sourceTree = BUILT_PRODUCTS_DIR; };
		467EB99C1DBE93CC00614603 /* InteractiveCalculator.cc */ = {isa = PBXFileReference; fileEncoding = 4; lastKnownFileType = sourcecode.cpp.cpp; path = InteractiveCalculator.cc; sourceTree = "<group>"; };
		467EB99E1DBE93EE00614603 /* Prime.cc */ = {isa = PBXFileReference; fileEncoding = 4; lastKnownFileType = sourcecode.cpp.cpp; path = Prime.cc; sourceTree = "<group>"; };
		467EB9A01DBE93F600614603 /* RepeatSquare.cc */ = {isa = PBXFileReference; lastKnownFileType = sourcecode.cpp.cpp; path = RepeatSquare.cc; sourceTree = "<group>"; };
		467EB9A11DBE93FD00614603 /* RepeatSum.cc */ = {isa = PBXFileReference; lastKnownFileType = sourcecode.cpp.cpp; path = RepeatSum.cc; sourceTree = "<group>"; };
		467EB9A21DBE940200614603 /* SimpleAdder2.cc */ = {isa = PBXFileReference; lastKnownFileType = sourcecode.cpp.cpp; path = SimpleAdder2.cc; sourceTree = "<group>"; };
		467EB9A31DBE940800614603 /* SumOdd.cc */ = {isa = PBXFileReference; lastKnownFileType = sourcecode.cpp.cpp; path = SumOdd.cc; sourceTree = "<group>"; };
		467EB9A51DBEA08B00614603 /* Random.cc */ = {isa = PBXFileReference; fileEncoding = 4; lastKnownFileType = sourcecode.cpp.cpp; path = Random.cc; sourceTree = "<group>"; };
/* End PBXFileReference section */

/* Begin PBXFrameworksBuildPhase section */
		467EB9391DBE7D4B00614603 /* Frameworks */ = {
			isa = PBXFrameworksBuildPhase;
			buildActionMask = 2147483647;
			files = (
			);
			runOnlyForDeploymentPostprocessing = 0;
		};
		467EB9811DBE930E00614603 /* Frameworks */ = {
			isa = PBXFrameworksBuildPhase;
			buildActionMask = 2147483647;
			files = (
			);
			runOnlyForDeploymentPostprocessing = 0;
		};
		467EB9921DBE93C000614603 /* Frameworks */ = {
			isa = PBXFrameworksBuildPhase;
			buildActionMask = 2147483647;
			files = (
			);
			runOnlyForDeploymentPostprocessing = 0;
		};
/* End PBXFrameworksBuildPhase section */

/* Begin PBXGroup section */
		467EB9331DBE7D4B00614603 = {
			isa = PBXGroup;
			children = (
				467EB9461DBE7E1800614603 /* Week1 */,
				467EB9471DBE7E2200614603 /* Week2 */,
				467EB93E1DBE7D4B00614603 /* PartIB Computing Practicals */,
				467EB93D1DBE7D4B00614603 /* Products */,
			);
			sourceTree = "<group>";
		};
		467EB93D1DBE7D4B00614603 /* Products */ = {
			isa = PBXGroup;
			children = (
				467EB93C1DBE7D4B00614603 /* PartIB Computing Practicals */,
				467EB9841DBE930E00614603 /* Week1 */,
				467EB9951DBE93C000614603 /* Week2 */,
			);
			name = Products;
			sourceTree = "<group>";
		};
		467EB93E1DBE7D4B00614603 /* PartIB Computing Practicals */ = {
			isa = PBXGroup;
			children = (
				467EB93F1DBE7D4B00614603 /* main.cpp */,
			);
			path = "PartIB Computing Practicals";
			sourceTree = "<group>";
		};
		467EB9461DBE7E1800614603 /* Week1 */ = {
			isa = PBXGroup;
			children = (
				467EB9721DBE91C800614603 /* HelloFor.cc */,
				467EB98D1DBE934400614603 /* Multiples.cc */,
				467EB98F1DBE939800614603 /* SimpleAdder.cc */,
			);
			name = Week1;
			sourceTree = "<group>";
		};
		467EB9471DBE7E2200614603 /* Week2 */ = {
			isa = PBXGroup;
			children = (
				467EB99C1DBE93CC00614603 /* InteractiveCalculator.cc */,
				467EB9A51DBEA08B00614603 /* Random.cc */,
				467EB99E1DBE93EE00614603 /* Prime.cc */,
				467EB9A01DBE93F600614603 /* RepeatSquare.cc */,
				467EB9A11DBE93FD00614603 /* RepeatSum.cc */,
				467EB9A21DBE940200614603 /* SimpleAdder2.cc */,
				467EB9A31DBE940800614603 /* SumOdd.cc */,
			);
			path = Week2;
			sourceTree = "<group>";
		};
/* End PBXGroup section */

/* Begin PBXNativeTarget section */
		467EB93B1DBE7D4B00614603 /* PartIB Computing Practicals */ = {
			isa = PBXNativeTarget;
			buildConfigurationList = 467EB9431DBE7D4B00614603 /* Build configuration list for PBXNativeTarget "PartIB Computing Practicals" */;
			buildPhases = (
				467EB9381DBE7D4B00614603 /* Sources */,
				467EB9391DBE7D4B00614603 /* Frameworks */,
				467EB93A1DBE7D4B00614603 /* CopyFiles */,
			);
			buildRules = (
			);
			dependencies = (
			);
			name = "PartIB Computing Practicals";
			productName = "PartIB Computing Practicals";
			productReference = 467EB93C1DBE7D4B00614603 /* PartIB Computing Practicals */;
			productType = "com.apple.product-type.tool";
		};
		467EB9831DBE930E00614603 /* Week1 */ = {
			isa = PBXNativeTarget;
			buildConfigurationList = 467EB9881DBE930E00614603 /* Build configuration list for PBXNativeTarget "Week1" */;
			buildPhases = (
				467EB9801DBE930E00614603 /* Sources */,
				467EB9811DBE930E00614603 /* Frameworks */,
				467EB9821DBE930E00614603 /* CopyFiles */,
			);
			buildRules = (
			);
			dependencies = (
			);
			name = Week1;
			productName = HelloFor;
			productReference = 467EB9841DBE930E00614603 /* Week1 */;
			productType = "com.apple.product-type.tool";
		};
		467EB9941DBE93C000614603 /* Week2 */ = {
			isa = PBXNativeTarget;
			buildConfigurationList = 467EB9991DBE93C000614603 /* Build configuration list for PBXNativeTarget "Week2" */;
			buildPhases = (
				467EB9911DBE93C000614603 /* Sources */,
				467EB9921DBE93C000614603 /* Frameworks */,
				467EB9931DBE93C000614603 /* CopyFiles */,
			);
			buildRules = (
			);
			dependencies = (
			);
			name = Week2;
			productName = Week2;
			productReference = 467EB9951DBE93C000614603 /* Week2 */;
			productType = "com.apple.product-type.tool";
		};
/* End PBXNativeTarget section */

/* Begin PBXProject section */
		467EB9341DBE7D4B00614603 /* Project object */ = {
			isa = PBXProject;
			attributes = {
				LastUpgradeCheck = 0800;
				ORGANIZATIONNAME = "University of Cambridge";
				TargetAttributes = {
					467EB93B1DBE7D4B00614603 = {
						CreatedOnToolsVersion = 8.0;
						ProvisioningStyle = Automatic;
					};
					467EB9831DBE930E00614603 = {
						CreatedOnToolsVersion = 8.0;
						ProvisioningStyle = Automatic;
					};
					467EB9941DBE93C000614603 = {
						CreatedOnToolsVersion = 8.0;
						ProvisioningStyle = Automatic;
					};
				};
			};
			buildConfigurationList = 467EB9371DBE7D4B00614603 /* Build configuration list for PBXProject "PartIB Computing Practicals" */;
			compatibilityVersion = "Xcode 3.2";
			developmentRegion = English;
			hasScannedForEncodings = 0;
			knownRegions = (
				en,
			);
			mainGroup = 467EB9331DBE7D4B00614603;
			productRefGroup = 467EB93D1DBE7D4B00614603 /* Products */;
			projectDirPath = "";
			projectRoot = "";
			targets = (
				467EB93B1DBE7D4B00614603 /* PartIB Computing Practicals */,
				467EB9831DBE930E00614603 /* Week1 */,
				467EB9941DBE93C000614603 /* Week2 */,
			);
		};
/* End PBXProject section */

/* Begin PBXSourcesBuildPhase section */
		467EB9381DBE7D4B00614603 /* Sources */ = {
			isa = PBXSourcesBuildPhase;
			buildActionMask = 2147483647;
			files = (
				467EB9401DBE7D4B00614603 /* main.cpp in Sources */,
			);
			runOnlyForDeploymentPostprocessing = 0;
		};
		467EB9801DBE930E00614603 /* Sources */ = {
			isa = PBXSourcesBuildPhase;
			buildActionMask = 2147483647;
			files = (
				467EB9901DBE939800614603 /* SimpleAdder.cc in Sources */,
			);
			runOnlyForDeploymentPostprocessing = 0;
		};
		467EB9911DBE93C000614603 /* Sources */ = {
			isa = PBXSourcesBuildPhase;
			buildActionMask = 2147483647;
			files = (
				467EB9B11DBEBD3500614603 /* InteractiveCalculator.cc in Sources */,
			);
			runOnlyForDeploymentPostprocessing = 0;
		};
/* End PBXSourcesBuildPhase section */

/* Begin XCBuildConfiguration section */
		467EB9411DBE7D4B00614603 /* Debug */ = {
			isa = XCBuildConfiguration;
			buildSettings = {
				ALWAYS_SEARCH_USER_PATHS = NO;
				CLANG_ANALYZER_NONNULL = YES;
				CLANG_CXX_LANGUAGE_STANDARD = "gnu++0x";
				CLANG_CXX_LIBRARY = "libc++";
				CLANG_ENABLE_MODULES = YES;
				CLANG_ENABLE_OBJC_ARC = YES;
				CLANG_WARN_BOOL_CONVERSION = YES;
				CLANG_WARN_CONSTANT_CONVERSION = YES;
				CLANG_WARN_DIRECT_OBJC_ISA_USAGE = YES_ERROR;
				CLANG_WARN_DOCUMENTATION_COMMENTS = YES;
				CLANG_WARN_EMPTY_BODY = YES;
				CLANG_WARN_ENUM_CONVERSION = YES;
				CLANG_WARN_INFINITE_RECURSION = YES;
				CLANG_WARN_INT_CONVERSION = YES;
				CLANG_WARN_OBJC_ROOT_CLASS = YES_ERROR;
				CLANG_WARN_SUSPICIOUS_MOVES = YES;
				CLANG_WARN_UNREACHABLE_CODE = YES;
				CLANG_WARN__DUPLICATE_METHOD_MATCH = YES;
				CODE_SIGN_IDENTITY = "-";
				COPY_PHASE_STRIP = NO;
				DEBUG_INFORMATION_FORMAT = dwarf;
				ENABLE_STRICT_OBJC_MSGSEND = YES;
				ENABLE_TESTABILITY = YES;
				GCC_C_LANGUAGE_STANDARD = gnu99;
				GCC_DYNAMIC_NO_PIC = NO;
				GCC_NO_COMMON_BLOCKS = YES;
				GCC_OPTIMIZATION_LEVEL = 0;
				GCC_PREPROCESSOR_DEFINITIONS = (
					"DEBUG=1",
					"$(inherited)",
				);
				GCC_WARN_64_TO_32_BIT_CONVERSION = YES;
				GCC_WARN_ABOUT_RETURN_TYPE = YES_ERROR;
				GCC_WARN_UNDECLARED_SELECTOR = YES;
				GCC_WARN_UNINITIALIZED_AUTOS = YES_AGGRESSIVE;
				GCC_WARN_UNUSED_FUNCTION = YES;
				GCC_WARN_UNUSED_VARIABLE = YES;
				MACOSX_DEPLOYMENT_TARGET = 10.12;
				MTL_ENABLE_DEBUG_INFO = YES;
				ONLY_ACTIVE_ARCH = YES;
				SDKROOT = macosx;
			};
			name = Debug;
		};
		467EB9421DBE7D4B00614603 /* Release */ = {
			isa = XCBuildConfiguration;
			buildSettings = {
				ALWAYS_SEARCH_USER_PATHS = NO;
				CLANG_ANALYZER_NONNULL = YES;
				CLANG_CXX_LANGUAGE_STANDARD = "gnu++0x";
				CLANG_CXX_LIBRARY = "libc++";
				CLANG_ENABLE_MODULES = YES;
				CLANG_ENABLE_OBJC_ARC = YES;
				CLANG_WARN_BOOL_CONVERSION = YES;
				CLANG_WARN_CONSTANT_CONVERSION = YES;
				CLANG_WARN_DIRECT_OBJC_ISA_USAGE = YES_ERROR;
				CLANG_WARN_DOCUMENTATION_COMMENTS = YES;
				CLANG_WARN_EMPTY_BODY = YES;
				CLANG_WARN_ENUM_CONVERSION = YES;
				CLANG_WARN_INFINITE_RECURSION = YES;
				CLANG_WARN_INT_CONVERSION = YES;
				CLANG_WARN_OBJC_ROOT_CLASS = YES_ERROR;
				CLANG_WARN_SUSPICIOUS_MOVES = YES;
				CLANG_WARN_UNREACHABLE_CODE = YES;
				CLANG_WARN__DUPLICATE_METHOD_MATCH = YES;
				CODE_SIGN_IDENTITY = "-";
				COPY_PHASE_STRIP = NO;
				DEBUG_INFORMATION_FORMAT = "dwarf-with-dsym";
				ENABLE_NS_ASSERTIONS = NO;
				ENABLE_STRICT_OBJC_MSGSEND = YES;
				GCC_C_LANGUAGE_STANDARD = gnu99;
				GCC_NO_COMMON_BLOCKS = YES;
				GCC_WARN_64_TO_32_BIT_CONVERSION = YES;
				GCC_WARN_ABOUT_RETURN_TYPE = YES_ERROR;
				GCC_WARN_UNDECLARED_SELECTOR = YES;
				GCC_WARN_UNINITIALIZED_AUTOS = YES_AGGRESSIVE;
				GCC_WARN_UNUSED_FUNCTION = YES;
				GCC_WARN_UNUSED_VARIABLE = YES;
				MACOSX_DEPLOYMENT_TARGET = 10.12;
				MTL_ENABLE_DEBUG_INFO = NO;
				SDKROOT = macosx;
			};
			name = Release;
		};
		467EB9441DBE7D4B00614603 /* Debug */ = {
			isa = XCBuildConfiguration;
			buildSettings = {
				PRODUCT_NAME = "$(TARGET_NAME)";
			};
			name = Debug;
		};
		467EB9451DBE7D4B00614603 /* Release */ = {
			isa = XCBuildConfiguration;
			buildSettings = {
				"OTHER_LDFLAGS[arch=*]" = "";
				PRODUCT_NAME = "$(TARGET_NAME)";
			};
			name = Release;
		};
		467EB9891DBE930E00614603 /* Debug */ = {
			isa = XCBuildConfiguration;
			buildSettings = {
				PRODUCT_NAME = "$(TARGET_NAME)";
			};
			name = Debug;
		};
		467EB98A1DBE930E00614603 /* Release */ = {
			isa = XCBuildConfiguration;
			buildSettings = {
				PRODUCT_NAME = "$(TARGET_NAME)";
			};
			name = Release;
		};
		467EB99A1DBE93C000614603 /* Debug */ = {
			isa = XCBuildConfiguration;
			buildSettings = {
				PRODUCT_NAME = "$(TARGET_NAME)";
			};
			name = Debug;
		};
		467EB99B1DBE93C000614603 /* Release */ = {
			isa = XCBuildConfiguration;
			buildSettings = {
				PRODUCT_NAME = "$(TARGET_NAME)";
			};
			name = Release;
		};
/* End XCBuildConfiguration section */

/* Begin XCConfigurationList section */
		467EB9371DBE7D4B00614603 /* Build configuration list for PBXProject "PartIB Computing Practicals" */ = {
			isa = XCConfigurationList;
			buildConfigurations = (
				467EB9411DBE7D4B00614603 /* Debug */,
				467EB9421DBE7D4B00614603 /* Release */,
			);
			defaultConfigurationIsVisible = 0;
			defaultConfigurationName = Release;
		};
		467EB9431DBE7D4B00614603 /* Build configuration list for PBXNativeTarget "PartIB Computing Practicals" */ = {
			isa = XCConfigurationList;
			buildConfigurations = (
				467EB9441DBE7D4B00614603 /* Debug */,
				467EB9451DBE7D4B00614603 /* Release */,
			);
			defaultConfigurationIsVisible = 0;
			defaultConfigurationName = Release;
		};
		467EB9881DBE930E00614603 /* Build configuration list for PBXNativeTarget "Week1" */ = {
			isa = XCConfigurationList;
			buildConfigurations = (
				467EB9891DBE930E00614603 /* Debug */,
				467EB98A1DBE930E00614603 /* Release */,
			);
			defaultConfigurationIsVisible = 0;
			defaultConfigurationName = Release;
		};
		467EB9991DBE93C000614603 /* Build configuration list for PBXNativeTarget "Week2" */ = {
			isa = XCConfigurationList;
			buildConfigurations = (
				467EB99A1DBE93C000614603 /* Debug */,
				467EB99B1DBE93C000614603 /* Release */,
			);
			defaultConfigurationIsVisible = 0;
			defaultConfigurationName = Release;
		};
/* End XCConfigurationList section */
	};
	rootObject = 467EB9341DBE7D4B00614603 /* Project object */;
}
